// !$*UTF8*$!
{
	archiveVersion = 1;
	classes = {
	};
	objectVersion = 56;
	objects = {

/* Begin PBXBuildFile section */
		1554B0D22A95F87F00DCFD9A /* TCAStudyApp.swift in Sources */ = {isa = PBXBuildFile; fileRef = 1554B0D12A95F87F00DCFD9A /* TCAStudyApp.swift */; };
		1554B0D42A95F87F00DCFD9A /* ContentView.swift in Sources */ = {isa = PBXBuildFile; fileRef = 1554B0D32A95F87F00DCFD9A /* ContentView.swift */; };
		1554B0D62A95F87F00DCFD9A /* Assets.xcassets in Resources */ = {isa = PBXBuildFile; fileRef = 1554B0D52A95F87F00DCFD9A /* Assets.xcassets */; };
		1554B0D92A95F87F00DCFD9A /* Preview Assets.xcassets in Resources */ = {isa = PBXBuildFile; fileRef = 1554B0D82A95F87F00DCFD9A /* Preview Assets.xcassets */; };
		1554B0E12A95F9A600DCFD9A /* ComposableArchitecture in Frameworks */ = {isa = PBXBuildFile; productRef = 1554B0E02A95F9A600DCFD9A /* ComposableArchitecture */; };
		1554B0E82A95FBAA00DCFD9A /* 1-Counter.swift in Sources */ = {isa = PBXBuildFile; fileRef = 1554B0E72A95FBAA00DCFD9A /* 1-Counter.swift */; };
		1554B0EA2A95FE1700DCFD9A /* 2-OptionalState.swift in Sources */ = {isa = PBXBuildFile; fileRef = 1554B0E92A95FE1700DCFD9A /* 2-OptionalState.swift */; };
		1554B0EC2A9600CE00DCFD9A /* 3-FocusState.swift in Sources */ = {isa = PBXBuildFile; fileRef = 1554B0EB2A9600CE00DCFD9A /* 3-FocusState.swift */; };
		1560C6672A9EC2650005708E /* TheBasicsTests.swift in Sources */ = {isa = PBXBuildFile; fileRef = 1560C6662A9EC2650005708E /* TheBasicsTests.swift */; };
		15BD54512A9ED0270040D9E4 /* CounterFeature.swift in Sources */ = {isa = PBXBuildFile; fileRef = 15BD54502A9ED0270040D9E4 /* CounterFeature.swift */; };
		15BD54532A9ED5960040D9E4 /* NumberFactService.swift in Sources */ = {isa = PBXBuildFile; fileRef = 15BD54522A9ED5960040D9E4 /* NumberFactService.swift */; };
		15C6A4E52A9DD87C00194811 /* BasicsView.swift in Sources */ = {isa = PBXBuildFile; fileRef = 15C6A4E42A9DD87C00194811 /* BasicsView.swift */; };
/* End PBXBuildFile section */

/* Begin PBXContainerItemProxy section */
		1560C6602A9EC2040005708E /* PBXContainerItemProxy */ = {
			isa = PBXContainerItemProxy;
			containerPortal = 1554B0C62A95F87E00DCFD9A /* Project object */;
			proxyType = 1;
			remoteGlobalIDString = 1554B0CD2A95F87E00DCFD9A;
			remoteInfo = TCAStudy;
		};
/* End PBXContainerItemProxy section */

/* Begin PBXFileReference section */
		1554B0CE2A95F87F00DCFD9A /* TCAStudy.app */ = {isa = PBXFileReference; explicitFileType = wrapper.application; includeInIndex = 0; path = TCAStudy.app; sourceTree = BUILT_PRODUCTS_DIR; };
		1554B0D12A95F87F00DCFD9A /* TCAStudyApp.swift */ = {isa = PBXFileReference; lastKnownFileType = sourcecode.swift; path = TCAStudyApp.swift; sourceTree = "<group>"; };
		1554B0D32A95F87F00DCFD9A /* ContentView.swift */ = {isa = PBXFileReference; lastKnownFileType = sourcecode.swift; path = ContentView.swift; sourceTree = "<group>"; };
		1554B0D52A95F87F00DCFD9A /* Assets.xcassets */ = {isa = PBXFileReference; lastKnownFileType = folder.assetcatalog; path = Assets.xcassets; sourceTree = "<group>"; };
		1554B0D82A95F87F00DCFD9A /* Preview Assets.xcassets */ = {isa = PBXFileReference; lastKnownFileType = folder.assetcatalog; path = "Preview Assets.xcassets"; sourceTree = "<group>"; };
		1554B0E72A95FBAA00DCFD9A /* 1-Counter.swift */ = {isa = PBXFileReference; lastKnownFileType = sourcecode.swift; path = "1-Counter.swift"; sourceTree = "<group>"; };
		1554B0E92A95FE1700DCFD9A /* 2-OptionalState.swift */ = {isa = PBXFileReference; lastKnownFileType = sourcecode.swift; path = "2-OptionalState.swift"; sourceTree = "<group>"; };
		1554B0EB2A9600CE00DCFD9A /* 3-FocusState.swift */ = {isa = PBXFileReference; lastKnownFileType = sourcecode.swift; path = "3-FocusState.swift"; sourceTree = "<group>"; };
		1560C65C2A9EC2040005708E /* TCAStudyTests.xctest */ = {isa = PBXFileReference; explicitFileType = wrapper.cfbundle; includeInIndex = 0; path = TCAStudyTests.xctest; sourceTree = BUILT_PRODUCTS_DIR; };
		1560C6662A9EC2650005708E /* TheBasicsTests.swift */ = {isa = PBXFileReference; lastKnownFileType = sourcecode.swift; path = TheBasicsTests.swift; sourceTree = "<group>"; };
		15BD54502A9ED0270040D9E4 /* CounterFeature.swift */ = {isa = PBXFileReference; lastKnownFileType = sourcecode.swift; path = CounterFeature.swift; sourceTree = "<group>"; };
		15BD54522A9ED5960040D9E4 /* NumberFactService.swift */ = {isa = PBXFileReference; lastKnownFileType = sourcecode.swift; path = NumberFactService.swift; sourceTree = "<group>"; };
		15C6A4E42A9DD87C00194811 /* BasicsView.swift */ = {isa = PBXFileReference; lastKnownFileType = sourcecode.swift; path = BasicsView.swift; sourceTree = "<group>"; };
		15C6A4E62A9DE49800194811 /* Info.plist */ = {isa = PBXFileReference; lastKnownFileType = text.plist; path = Info.plist; sourceTree = "<group>"; };
/* End PBXFileReference section */

/* Begin PBXFrameworksBuildPhase section */
		1554B0CB2A95F87E00DCFD9A /* Frameworks */ = {
			isa = PBXFrameworksBuildPhase;
			buildActionMask = 2147483647;
			files = (
				1554B0E12A95F9A600DCFD9A /* ComposableArchitecture in Frameworks */,
			);
			runOnlyForDeploymentPostprocessing = 0;
		};
		1560C6592A9EC2040005708E /* Frameworks */ = {
			isa = PBXFrameworksBuildPhase;
			buildActionMask = 2147483647;
			files = (
			);
			runOnlyForDeploymentPostprocessing = 0;
		};
/* End PBXFrameworksBuildPhase section */

/* Begin PBXGroup section */
		1554B0C52A95F87E00DCFD9A = {
			isa = PBXGroup;
			children = (
				1554B0D02A95F87F00DCFD9A /* TCAStudy */,
				1560C65D2A9EC2040005708E /* TCAStudyTests */,
				1554B0CF2A95F87F00DCFD9A /* Products */,
			);
			sourceTree = "<group>";
		};
		1554B0CF2A95F87F00DCFD9A /* Products */ = {
			isa = PBXGroup;
			children = (
				1554B0CE2A95F87F00DCFD9A /* TCAStudy.app */,
				1560C65C2A9EC2040005708E /* TCAStudyTests.xctest */,
			);
			name = Products;
			sourceTree = "<group>";
		};
		1554B0D02A95F87F00DCFD9A /* TCAStudy */ = {
			isa = PBXGroup;
			children = (
				15C6A4E62A9DE49800194811 /* Info.plist */,
				1554B0E42A95F9E800DCFD9A /* Global */,
				1554B0E22A95F9D400DCFD9A /* Cases */,
				15C6A4E22A9DD84600194811 /* Tour of TCA */,
				1554B0D52A95F87F00DCFD9A /* Assets.xcassets */,
				1554B0D72A95F87F00DCFD9A /* Preview Content */,
			);
			path = TCAStudy;
			sourceTree = "<group>";
		};
		1554B0D72A95F87F00DCFD9A /* Preview Content */ = {
			isa = PBXGroup;
			children = (
				1554B0D82A95F87F00DCFD9A /* Preview Assets.xcassets */,
			);
			path = "Preview Content";
			sourceTree = "<group>";
		};
		1554B0E22A95F9D400DCFD9A /* Cases */ = {
			isa = PBXGroup;
			children = (
				1554B0E72A95FBAA00DCFD9A /* 1-Counter.swift */,
				1554B0E92A95FE1700DCFD9A /* 2-OptionalState.swift */,
				1554B0EB2A9600CE00DCFD9A /* 3-FocusState.swift */,
			);
			path = Cases;
			sourceTree = "<group>";
		};
		1554B0E42A95F9E800DCFD9A /* Global */ = {
			isa = PBXGroup;
			children = (
				1554B0D12A95F87F00DCFD9A /* TCAStudyApp.swift */,
				1554B0D32A95F87F00DCFD9A /* ContentView.swift */,
			);
			path = Global;
			sourceTree = "<group>";
		};
		1560C65D2A9EC2040005708E /* TCAStudyTests */ = {
			isa = PBXGroup;
			children = (
				1560C6652A9EC2070005708E /* Tour of TCA */,
			);
			path = TCAStudyTests;
			sourceTree = "<group>";
		};
		1560C6652A9EC2070005708E /* Tour of TCA */ = {
			isa = PBXGroup;
			children = (
				1560C6662A9EC2650005708E /* TheBasicsTests.swift */,
			);
			path = "Tour of TCA";
			sourceTree = "<group>";
		};
		15BD54542A9EDB930040D9E4 /* TCA */ = {
			isa = PBXGroup;
			children = (
				15C6A4E42A9DD87C00194811 /* BasicsView.swift */,
				15BD54502A9ED0270040D9E4 /* CounterFeature.swift */,
				15BD54522A9ED5960040D9E4 /* NumberFactService.swift */,
			);
			path = TCA;
			sourceTree = "<group>";
		};
		15C6A4E22A9DD84600194811 /* Tour of TCA */ = {
			isa = PBXGroup;
			children = (
				15C6A4E32A9DD85300194811 /* 1-The basics  */,
			);
			path = "Tour of TCA";
			sourceTree = "<group>";
		};
		15C6A4E32A9DD85300194811 /* 1-The basics  */ = {
			isa = PBXGroup;
			children = (
				15E26BFC2A9EDD0400348E83 /* MVVM */,
				15BD54542A9EDB930040D9E4 /* TCA */,
			);
			path = "1-The basics ";
			sourceTree = "<group>";
		};
		15E26BFC2A9EDD0400348E83 /* MVVM */ = {
			isa = PBXGroup;
			children = (
				15E26BFE2A9EDD0F00348E83 /* My Style */,
				15E26BFD2A9EDD0A00348E83 /* Apple Tutorial  */,
			);
			path = MVVM;
			sourceTree = "<group>";
		};
		15E26BFD2A9EDD0A00348E83 /* Apple Tutorial  */ = {
			isa = PBXGroup;
			children = (
			);
			path = "Apple Tutorial ";
			sourceTree = "<group>";
		};
		15E26BFE2A9EDD0F00348E83 /* My Style */ = {
			isa = PBXGroup;
			children = (
			);
			path = "My Style";
			sourceTree = "<group>";
		};
/* End PBXGroup section */

/* Begin PBXNativeTarget section */
		1554B0CD2A95F87E00DCFD9A /* TCAStudy */ = {
			isa = PBXNativeTarget;
			buildConfigurationList = 1554B0DC2A95F87F00DCFD9A /* Build configuration list for PBXNativeTarget "TCAStudy" */;
			buildPhases = (
				1554B0CA2A95F87E00DCFD9A /* Sources */,
				1554B0CB2A95F87E00DCFD9A /* Frameworks */,
				1554B0CC2A95F87E00DCFD9A /* Resources */,
			);
			buildRules = (
			);
			dependencies = (
			);
			name = TCAStudy;
			packageProductDependencies = (
				1554B0E02A95F9A600DCFD9A /* ComposableArchitecture */,
			);
			productName = TCAStudy;
			productReference = 1554B0CE2A95F87F00DCFD9A /* TCAStudy.app */;
			productType = "com.apple.product-type.application";
		};
		1560C65B2A9EC2040005708E /* TCAStudyTests */ = {
			isa = PBXNativeTarget;
			buildConfigurationList = 1560C6622A9EC2040005708E /* Build configuration list for PBXNativeTarget "TCAStudyTests" */;
			buildPhases = (
				1560C6582A9EC2040005708E /* Sources */,
				1560C6592A9EC2040005708E /* Frameworks */,
				1560C65A2A9EC2040005708E /* Resources */,
			);
			buildRules = (
			);
			dependencies = (
				1560C6612A9EC2040005708E /* PBXTargetDependency */,
			);
			name = TCAStudyTests;
			productName = TCAStudyTests;
			productReference = 1560C65C2A9EC2040005708E /* TCAStudyTests.xctest */;
			productType = "com.apple.product-type.bundle.unit-test";
		};
/* End PBXNativeTarget section */

/* Begin PBXProject section */
		1554B0C62A95F87E00DCFD9A /* Project object */ = {
			isa = PBXProject;
			attributes = {
				BuildIndependentTargetsInParallel = 1;
				LastSwiftUpdateCheck = 1430;
				LastUpgradeCheck = 1430;
				TargetAttributes = {
					1554B0CD2A95F87E00DCFD9A = {
						CreatedOnToolsVersion = 14.3.1;
					};
					1560C65B2A9EC2040005708E = {
						CreatedOnToolsVersion = 14.3.1;
						LastSwiftMigration = 1430;
						TestTargetID = 1554B0CD2A95F87E00DCFD9A;
					};
				};
			};
			buildConfigurationList = 1554B0C92A95F87E00DCFD9A /* Build configuration list for PBXProject "TCAStudy" */;
			compatibilityVersion = "Xcode 14.0";
			developmentRegion = en;
			hasScannedForEncodings = 0;
			knownRegions = (
				en,
				Base,
			);
			mainGroup = 1554B0C52A95F87E00DCFD9A;
			packageReferences = (
				1554B0DF2A95F9A600DCFD9A /* XCRemoteSwiftPackageReference "swift-composable-architecture" */,
			);
			productRefGroup = 1554B0CF2A95F87F00DCFD9A /* Products */;
			projectDirPath = "";
			projectRoot = "";
			targets = (
				1554B0CD2A95F87E00DCFD9A /* TCAStudy */,
				1560C65B2A9EC2040005708E /* TCAStudyTests */,
			);
		};
/* End PBXProject section */

/* Begin PBXResourcesBuildPhase section */
		1554B0CC2A95F87E00DCFD9A /* Resources */ = {
			isa = PBXResourcesBuildPhase;
			buildActionMask = 2147483647;
			files = (
				1554B0D92A95F87F00DCFD9A /* Preview Assets.xcassets in Resources */,
				1554B0D62A95F87F00DCFD9A /* Assets.xcassets in Resources */,
			);
			runOnlyForDeploymentPostprocessing = 0;
		};
		1560C65A2A9EC2040005708E /* Resources */ = {
			isa = PBXResourcesBuildPhase;
			buildActionMask = 2147483647;
			files = (
			);
			runOnlyForDeploymentPostprocessing = 0;
		};
/* End PBXResourcesBuildPhase section */

/* Begin PBXSourcesBuildPhase section */
		1554B0CA2A95F87E00DCFD9A /* Sources */ = {
			isa = PBXSourcesBuildPhase;
			buildActionMask = 2147483647;
			files = (
				1554B0D42A95F87F00DCFD9A /* ContentView.swift in Sources */,
				15C6A4E52A9DD87C00194811 /* BasicsView.swift in Sources */,
				15BD54532A9ED5960040D9E4 /* NumberFactService.swift in Sources */,
				1554B0EC2A9600CE00DCFD9A /* 3-FocusState.swift in Sources */,
				1554B0EA2A95FE1700DCFD9A /* 2-OptionalState.swift in Sources */,
				1554B0D22A95F87F00DCFD9A /* TCAStudyApp.swift in Sources */,
				15BD54512A9ED0270040D9E4 /* CounterFeature.swift in Sources */,
				1554B0E82A95FBAA00DCFD9A /* 1-Counter.swift in Sources */,
			);
			runOnlyForDeploymentPostprocessing = 0;
		};
		1560C6582A9EC2040005708E /* Sources */ = {
			isa = PBXSourcesBuildPhase;
			buildActionMask = 2147483647;
			files = (
				1560C6672A9EC2650005708E /* TheBasicsTests.swift in Sources */,
			);
			runOnlyForDeploymentPostprocessing = 0;
		};
/* End PBXSourcesBuildPhase section */

/* Begin PBXTargetDependency section */
		1560C6612A9EC2040005708E /* PBXTargetDependency */ = {
			isa = PBXTargetDependency;
			target = 1554B0CD2A95F87E00DCFD9A /* TCAStudy */;
			targetProxy = 1560C6602A9EC2040005708E /* PBXContainerItemProxy */;
		};
/* End PBXTargetDependency section */

/* Begin XCBuildConfiguration section */
		1554B0DA2A95F87F00DCFD9A /* Debug */ = {
			isa = XCBuildConfiguration;
			buildSettings = {
				ALWAYS_SEARCH_USER_PATHS = NO;
				CLANG_ANALYZER_NONNULL = YES;
				CLANG_ANALYZER_NUMBER_OBJECT_CONVERSION = YES_AGGRESSIVE;
				CLANG_CXX_LANGUAGE_STANDARD = "gnu++20";
				CLANG_ENABLE_MODULES = YES;
				CLANG_ENABLE_OBJC_ARC = YES;
				CLANG_ENABLE_OBJC_WEAK = YES;
				CLANG_WARN_BLOCK_CAPTURE_AUTORELEASING = YES;
				CLANG_WARN_BOOL_CONVERSION = YES;
				CLANG_WARN_COMMA = YES;
				CLANG_WARN_CONSTANT_CONVERSION = YES;
				CLANG_WARN_DEPRECATED_OBJC_IMPLEMENTATIONS = YES;
				CLANG_WARN_DIRECT_OBJC_ISA_USAGE = YES_ERROR;
				CLANG_WARN_DOCUMENTATION_COMMENTS = YES;
				CLANG_WARN_EMPTY_BODY = YES;
				CLANG_WARN_ENUM_CONVERSION = YES;
				CLANG_WARN_INFINITE_RECURSION = YES;
				CLANG_WARN_INT_CONVERSION = YES;
				CLANG_WARN_NON_LITERAL_NULL_CONVERSION = YES;
				CLANG_WARN_OBJC_IMPLICIT_RETAIN_SELF = YES;
				CLANG_WARN_OBJC_LITERAL_CONVERSION = YES;
				CLANG_WARN_OBJC_ROOT_CLASS = YES_ERROR;
				CLANG_WARN_QUOTED_INCLUDE_IN_FRAMEWORK_HEADER = YES;
				CLANG_WARN_RANGE_LOOP_ANALYSIS = YES;
				CLANG_WARN_STRICT_PROTOTYPES = YES;
				CLANG_WARN_SUSPICIOUS_MOVE = YES;
				CLANG_WARN_UNGUARDED_AVAILABILITY = YES_AGGRESSIVE;
				CLANG_WARN_UNREACHABLE_CODE = YES;
				CLANG_WARN__DUPLICATE_METHOD_MATCH = YES;
				COPY_PHASE_STRIP = NO;
				DEBUG_INFORMATION_FORMAT = dwarf;
				ENABLE_STRICT_OBJC_MSGSEND = YES;
				ENABLE_TESTABILITY = YES;
				GCC_C_LANGUAGE_STANDARD = gnu11;
				GCC_DYNAMIC_NO_PIC = NO;
				GCC_NO_COMMON_BLOCKS = YES;
				GCC_OPTIMIZATION_LEVEL = 0;
				GCC_PREPROCESSOR_DEFINITIONS = (
					"DEBUG=1",
					"$(inherited)",
				);
				GCC_WARN_64_TO_32_BIT_CONVERSION = YES;
				GCC_WARN_ABOUT_RETURN_TYPE = YES_ERROR;
				GCC_WARN_UNDECLARED_SELECTOR = YES;
				GCC_WARN_UNINITIALIZED_AUTOS = YES_AGGRESSIVE;
				GCC_WARN_UNUSED_FUNCTION = YES;
				GCC_WARN_UNUSED_VARIABLE = YES;
				IPHONEOS_DEPLOYMENT_TARGET = 16.4;
				MTL_ENABLE_DEBUG_INFO = INCLUDE_SOURCE;
				MTL_FAST_MATH = YES;
				ONLY_ACTIVE_ARCH = YES;
				SDKROOT = iphoneos;
				SWIFT_ACTIVE_COMPILATION_CONDITIONS = DEBUG;
				SWIFT_OPTIMIZATION_LEVEL = "-Onone";
			};
			name = Debug;
		};
		1554B0DB2A95F87F00DCFD9A /* Release */ = {
			isa = XCBuildConfiguration;
			buildSettings = {
				ALWAYS_SEARCH_USER_PATHS = NO;
				CLANG_ANALYZER_NONNULL = YES;
				CLANG_ANALYZER_NUMBER_OBJECT_CONVERSION = YES_AGGRESSIVE;
				CLANG_CXX_LANGUAGE_STANDARD = "gnu++20";
				CLANG_ENABLE_MODULES = YES;
				CLANG_ENABLE_OBJC_ARC = YES;
				CLANG_ENABLE_OBJC_WEAK = YES;
				CLANG_WARN_BLOCK_CAPTURE_AUTORELEASING = YES;
				CLANG_WARN_BOOL_CONVERSION = YES;
				CLANG_WARN_COMMA = YES;
				CLANG_WARN_CONSTANT_CONVERSION = YES;
				CLANG_WARN_DEPRECATED_OBJC_IMPLEMENTATIONS = YES;
				CLANG_WARN_DIRECT_OBJC_ISA_USAGE = YES_ERROR;
				CLANG_WARN_DOCUMENTATION_COMMENTS = YES;
				CLANG_WARN_EMPTY_BODY = YES;
				CLANG_WARN_ENUM_CONVERSION = YES;
				CLANG_WARN_INFINITE_RECURSION = YES;
				CLANG_WARN_INT_CONVERSION = YES;
				CLANG_WARN_NON_LITERAL_NULL_CONVERSION = YES;
				CLANG_WARN_OBJC_IMPLICIT_RETAIN_SELF = YES;
				CLANG_WARN_OBJC_LITERAL_CONVERSION = YES;
				CLANG_WARN_OBJC_ROOT_CLASS = YES_ERROR;
				CLANG_WARN_QUOTED_INCLUDE_IN_FRAMEWORK_HEADER = YES;
				CLANG_WARN_RANGE_LOOP_ANALYSIS = YES;
				CLANG_WARN_STRICT_PROTOTYPES = YES;
				CLANG_WARN_SUSPICIOUS_MOVE = YES;
				CLANG_WARN_UNGUARDED_AVAILABILITY = YES_AGGRESSIVE;
				CLANG_WARN_UNREACHABLE_CODE = YES;
				CLANG_WARN__DUPLICATE_METHOD_MATCH = YES;
				COPY_PHASE_STRIP = NO;
				DEBUG_INFORMATION_FORMAT = "dwarf-with-dsym";
				ENABLE_NS_ASSERTIONS = NO;
				ENABLE_STRICT_OBJC_MSGSEND = YES;
				GCC_C_LANGUAGE_STANDARD = gnu11;
				GCC_NO_COMMON_BLOCKS = YES;
				GCC_WARN_64_TO_32_BIT_CONVERSION = YES;
				GCC_WARN_ABOUT_RETURN_TYPE = YES_ERROR;
				GCC_WARN_UNDECLARED_SELECTOR = YES;
				GCC_WARN_UNINITIALIZED_AUTOS = YES_AGGRESSIVE;
				GCC_WARN_UNUSED_FUNCTION = YES;
				GCC_WARN_UNUSED_VARIABLE = YES;
				IPHONEOS_DEPLOYMENT_TARGET = 16.4;
				MTL_ENABLE_DEBUG_INFO = NO;
				MTL_FAST_MATH = YES;
				SDKROOT = iphoneos;
				SWIFT_COMPILATION_MODE = wholemodule;
				SWIFT_OPTIMIZATION_LEVEL = "-O";
				VALIDATE_PRODUCT = YES;
			};
			name = Release;
		};
		1554B0DD2A95F87F00DCFD9A /* Debug */ = {
			isa = XCBuildConfiguration;
			buildSettings = {
				ASSETCATALOG_COMPILER_APPICON_NAME = AppIcon;
				ASSETCATALOG_COMPILER_GLOBAL_ACCENT_COLOR_NAME = AccentColor;
				CODE_SIGN_STYLE = Automatic;
				CURRENT_PROJECT_VERSION = 1;
				DEVELOPMENT_ASSET_PATHS = "\"TCAStudy/Preview Content\"";
				DEVELOPMENT_TEAM = 5KXF46DKDC;
				ENABLE_PREVIEWS = YES;
				GENERATE_INFOPLIST_FILE = YES;
				INFOPLIST_FILE = TCAStudy/Info.plist;
				INFOPLIST_KEY_UIApplicationSceneManifest_Generation = YES;
				INFOPLIST_KEY_UIApplicationSupportsIndirectInputEvents = YES;
				INFOPLIST_KEY_UILaunchScreen_Generation = YES;
				INFOPLIST_KEY_UISupportedInterfaceOrientations_iPad = "UIInterfaceOrientationPortrait UIInterfaceOrientationPortraitUpsideDown UIInterfaceOrientationLandscapeLeft UIInterfaceOrientationLandscapeRight";
				INFOPLIST_KEY_UISupportedInterfaceOrientations_iPhone = "UIInterfaceOrientationPortrait UIInterfaceOrientationLandscapeLeft UIInterfaceOrientationLandscapeRight";
				LD_RUNPATH_SEARCH_PATHS = (
					"$(inherited)",
					"@executable_path/Frameworks",
				);
				MARKETING_VERSION = 1.0;
				PRODUCT_BUNDLE_IDENTIFIER = page.TCAStudy;
				PRODUCT_NAME = "$(TARGET_NAME)";
				SWIFT_EMIT_LOC_STRINGS = YES;
				SWIFT_VERSION = 5.0;
				TARGETED_DEVICE_FAMILY = "1,2";
			};
			name = Debug;
		};
		1554B0DE2A95F87F00DCFD9A /* Release */ = {
			isa = XCBuildConfiguration;
			buildSettings = {
				ASSETCATALOG_COMPILER_APPICON_NAME = AppIcon;
				ASSETCATALOG_COMPILER_GLOBAL_ACCENT_COLOR_NAME = AccentColor;
				CODE_SIGN_STYLE = Automatic;
				CURRENT_PROJECT_VERSION = 1;
				DEVELOPMENT_ASSET_PATHS = "\"TCAStudy/Preview Content\"";
				DEVELOPMENT_TEAM = 5KXF46DKDC;
				ENABLE_PREVIEWS = YES;
				GENERATE_INFOPLIST_FILE = YES;
				INFOPLIST_FILE = TCAStudy/Info.plist;
				INFOPLIST_KEY_UIApplicationSceneManifest_Generation = YES;
				INFOPLIST_KEY_UIApplicationSupportsIndirectInputEvents = YES;
				INFOPLIST_KEY_UILaunchScreen_Generation = YES;
				INFOPLIST_KEY_UISupportedInterfaceOrientations_iPad = "UIInterfaceOrientationPortrait UIInterfaceOrientationPortraitUpsideDown UIInterfaceOrientationLandscapeLeft UIInterfaceOrientationLandscapeRight";
				INFOPLIST_KEY_UISupportedInterfaceOrientations_iPhone = "UIInterfaceOrientationPortrait UIInterfaceOrientationLandscapeLeft UIInterfaceOrientationLandscapeRight";
				LD_RUNPATH_SEARCH_PATHS = (
					"$(inherited)",
					"@executable_path/Frameworks",
				);
				MARKETING_VERSION = 1.0;
				PRODUCT_BUNDLE_IDENTIFIER = page.TCAStudy;
				PRODUCT_NAME = "$(TARGET_NAME)";
				SWIFT_EMIT_LOC_STRINGS = YES;
				SWIFT_VERSION = 5.0;
				TARGETED_DEVICE_FAMILY = "1,2";
			};
			name = Release;
		};
		1560C6632A9EC2040005708E /* Debug */ = {
			isa = XCBuildConfiguration;
			buildSettings = {
				BUNDLE_LOADER = "$(TEST_HOST)";
				CLANG_ENABLE_MODULES = YES;
				CODE_SIGN_STYLE = Automatic;
				CURRENT_PROJECT_VERSION = 1;
				DEVELOPMENT_TEAM = MAU8HFALP8;
				GENERATE_INFOPLIST_FILE = YES;
				MARKETING_VERSION = 1.0;
				PRODUCT_BUNDLE_IDENTIFIER = page.TCAStudyTests;
				PRODUCT_NAME = "$(TARGET_NAME)";
				SWIFT_EMIT_LOC_STRINGS = NO;
				SWIFT_OPTIMIZATION_LEVEL = "-Onone";
				SWIFT_VERSION = 5.0;
				TARGETED_DEVICE_FAMILY = "1,2";
				TEST_HOST = "$(BUILT_PRODUCTS_DIR)/TCAStudy.app/$(BUNDLE_EXECUTABLE_FOLDER_PATH)/TCAStudy";
			};
			name = Debug;
		};
		1560C6642A9EC2040005708E /* Release */ = {
			isa = XCBuildConfiguration;
			buildSettings = {
				BUNDLE_LOADER = "$(TEST_HOST)";
				CLANG_ENABLE_MODULES = YES;
				CODE_SIGN_STYLE = Automatic;
				CURRENT_PROJECT_VERSION = 1;
				DEVELOPMENT_TEAM = MAU8HFALP8;
				GENERATE_INFOPLIST_FILE = YES;
				MARKETING_VERSION = 1.0;
				PRODUCT_BUNDLE_IDENTIFIER = page.TCAStudyTests;
				PRODUCT_NAME = "$(TARGET_NAME)";
				SWIFT_EMIT_LOC_STRINGS = NO;
				SWIFT_VERSION = 5.0;
				TARGETED_DEVICE_FAMILY = "1,2";
				TEST_HOST = "$(BUILT_PRODUCTS_DIR)/TCAStudy.app/$(BUNDLE_EXECUTABLE_FOLDER_PATH)/TCAStudy";
			};
			name = Release;
		};
/* End XCBuildConfiguration section */

/* Begin XCConfigurationList section */
		1554B0C92A95F87E00DCFD9A /* Build configuration list for PBXProject "TCAStudy" */ = {
			isa = XCConfigurationList;
			buildConfigurations = (
				1554B0DA2A95F87F00DCFD9A /* Debug */,
				1554B0DB2A95F87F00DCFD9A /* Release */,
			);
			defaultConfigurationIsVisible = 0;
			defaultConfigurationName = Release;
		};
		1554B0DC2A95F87F00DCFD9A /* Build configuration list for PBXNativeTarget "TCAStudy" */ = {
			isa = XCConfigurationList;
			buildConfigurations = (
				1554B0DD2A95F87F00DCFD9A /* Debug */,
				1554B0DE2A95F87F00DCFD9A /* Release */,
			);
			defaultConfigurationIsVisible = 0;
			defaultConfigurationName = Release;
		};
		1560C6622A9EC2040005708E /* Build configuration list for PBXNativeTarget "TCAStudyTests" */ = {
			isa = XCConfigurationList;
			buildConfigurations = (
				1560C6632A9EC2040005708E /* Debug */,
				1560C6642A9EC2040005708E /* Release */,
			);
			defaultConfigurationIsVisible = 0;
			defaultConfigurationName = Release;
		};
/* End XCConfigurationList section */

/* Begin XCRemoteSwiftPackageReference section */
		1554B0DF2A95F9A600DCFD9A /* XCRemoteSwiftPackageReference "swift-composable-architecture" */ = {
			isa = XCRemoteSwiftPackageReference;
			repositoryURL = "https://github.com/pointfreeco/swift-composable-architecture.git";
			requirement = {
				kind = upToNextMajorVersion;
				minimumVersion = 1.0.0;
			};
		};
/* End XCRemoteSwiftPackageReference section */

/* Begin XCSwiftPackageProductDependency section */
		1554B0E02A95F9A600DCFD9A /* ComposableArchitecture */ = {
			isa = XCSwiftPackageProductDependency;
			package = 1554B0DF2A95F9A600DCFD9A /* XCRemoteSwiftPackageReference "swift-composable-architecture" */;
			productName = ComposableArchitecture;
		};
/* End XCSwiftPackageProductDependency section */
	};
	rootObject = 1554B0C62A95F87E00DCFD9A /* Project object */;
}
