// !$*UTF8*$!
{
	archiveVersion = 1;
	classes = {
	};
	objectVersion = 56;
	objects = {

/* Begin PBXBuildFile section */
		1533A0BC2A8DECDB000316CC /* main.swift in Sources */ = {isa = PBXBuildFile; fileRef = 1533A0BB2A8DECDB000316CC /* main.swift */; };
		15C680DE2A8F033800492B3F /* main.swift in Sources */ = {isa = PBXBuildFile; fileRef = 15C680DD2A8F033800492B3F /* main.swift */; };
		15C680E92A8F11FB00492B3F /* main.swift in Sources */ = {isa = PBXBuildFile; fileRef = 15C680E82A8F11FB00492B3F /* main.swift */; };
		15CA69222A8E0EA100976D13 /* main.swift in Sources */ = {isa = PBXBuildFile; fileRef = 15CA69212A8E0EA100976D13 /* main.swift */; };
/* End PBXBuildFile section */

/* Begin PBXCopyFilesBuildPhase section */
		1533A0B62A8DECDB000316CC /* CopyFiles */ = {
			isa = PBXCopyFilesBuildPhase;
			buildActionMask = 2147483647;
			dstPath = /usr/share/man/man1/;
			dstSubfolderSpec = 0;
			files = (
			);
			runOnlyForDeploymentPostprocessing = 1;
		};
		15C680D92A8F033800492B3F /* CopyFiles */ = {
			isa = PBXCopyFilesBuildPhase;
			buildActionMask = 2147483647;
			dstPath = /usr/share/man/man1/;
			dstSubfolderSpec = 0;
			files = (
			);
			runOnlyForDeploymentPostprocessing = 1;
		};
		15C680E42A8F11FB00492B3F /* CopyFiles */ = {
			isa = PBXCopyFilesBuildPhase;
			buildActionMask = 2147483647;
			dstPath = /usr/share/man/man1/;
			dstSubfolderSpec = 0;
			files = (
			);
			runOnlyForDeploymentPostprocessing = 1;
		};
		15CA691D2A8E0EA100976D13 /* CopyFiles */ = {
			isa = PBXCopyFilesBuildPhase;
			buildActionMask = 2147483647;
			dstPath = /usr/share/man/man1/;
			dstSubfolderSpec = 0;
			files = (
			);
			runOnlyForDeploymentPostprocessing = 1;
		};
/* End PBXCopyFilesBuildPhase section */

/* Begin PBXFileReference section */
		1533A0B82A8DECDB000316CC /* SwiftDocumentation */ = {isa = PBXFileReference; explicitFileType = "compiled.mach-o.executable"; includeInIndex = 0; path = SwiftDocumentation; sourceTree = BUILT_PRODUCTS_DIR; };
		1533A0BB2A8DECDB000316CC /* main.swift */ = {isa = PBXFileReference; lastKnownFileType = sourcecode.swift; path = main.swift; sourceTree = "<group>"; };
		15C680DB2A8F033800492B3F /* BasicOperators */ = {isa = PBXFileReference; explicitFileType = "compiled.mach-o.executable"; includeInIndex = 0; path = BasicOperators; sourceTree = BUILT_PRODUCTS_DIR; };
		15C680DD2A8F033800492B3F /* main.swift */ = {isa = PBXFileReference; lastKnownFileType = sourcecode.swift; path = main.swift; sourceTree = "<group>"; };
		15C680E62A8F11FB00492B3F /* Strings and Characters */ = {isa = PBXFileReference; explicitFileType = "compiled.mach-o.executable"; includeInIndex = 0; path = "Strings and Characters"; sourceTree = BUILT_PRODUCTS_DIR; };
		15C680E82A8F11FB00492B3F /* main.swift */ = {isa = PBXFileReference; lastKnownFileType = sourcecode.swift; path = main.swift; sourceTree = "<group>"; };
		15CA691F2A8E0EA100976D13 /* TheBasics */ = {isa = PBXFileReference; explicitFileType = "compiled.mach-o.executable"; includeInIndex = 0; path = TheBasics; sourceTree = BUILT_PRODUCTS_DIR; };
		15CA69212A8E0EA100976D13 /* main.swift */ = {isa = PBXFileReference; lastKnownFileType = sourcecode.swift; path = main.swift; sourceTree = "<group>"; };
/* End PBXFileReference section */

/* Begin PBXFrameworksBuildPhase section */
		1533A0B52A8DECDB000316CC /* Frameworks */ = {
			isa = PBXFrameworksBuildPhase;
			buildActionMask = 2147483647;
			files = (
			);
			runOnlyForDeploymentPostprocessing = 0;
		};
		15C680D82A8F033800492B3F /* Frameworks */ = {
			isa = PBXFrameworksBuildPhase;
			buildActionMask = 2147483647;
			files = (
			);
			runOnlyForDeploymentPostprocessing = 0;
		};
		15C680E32A8F11FB00492B3F /* Frameworks */ = {
			isa = PBXFrameworksBuildPhase;
			buildActionMask = 2147483647;
			files = (
			);
			runOnlyForDeploymentPostprocessing = 0;
		};
		15CA691C2A8E0EA100976D13 /* Frameworks */ = {
			isa = PBXFrameworksBuildPhase;
			buildActionMask = 2147483647;
			files = (
			);
			runOnlyForDeploymentPostprocessing = 0;
		};
/* End PBXFrameworksBuildPhase section */

/* Begin PBXGroup section */
		1533A0AF2A8DECDB000316CC = {
			isa = PBXGroup;
			children = (
				1533A0BA2A8DECDB000316CC /* 1-SwiftTour */,
				15CA69202A8E0EA100976D13 /* 2-TheBasics */,
				15C680DC2A8F033800492B3F /* 3-BasicOperators */,
				15C680E72A8F11FB00492B3F /* 4-Strings and Characters */,
				1533A0B92A8DECDB000316CC /* Products */,
			);
			sourceTree = "<group>";
		};
		1533A0B92A8DECDB000316CC /* Products */ = {
			isa = PBXGroup;
			children = (
				1533A0B82A8DECDB000316CC /* SwiftDocumentation */,
				15CA691F2A8E0EA100976D13 /* TheBasics */,
				15C680DB2A8F033800492B3F /* BasicOperators */,
				15C680E62A8F11FB00492B3F /* Strings and Characters */,
			);
			name = Products;
			sourceTree = "<group>";
		};
		1533A0BA2A8DECDB000316CC /* 1-SwiftTour */ = {
			isa = PBXGroup;
			children = (
				1533A0BB2A8DECDB000316CC /* main.swift */,
			);
			path = "1-SwiftTour";
			sourceTree = "<group>";
		};
		15C680DC2A8F033800492B3F /* 3-BasicOperators */ = {
			isa = PBXGroup;
			children = (
				15C680DD2A8F033800492B3F /* main.swift */,
			);
			path = "3-BasicOperators";
			sourceTree = "<group>";
		};
		15C680E72A8F11FB00492B3F /* 4-Strings and Characters */ = {
			isa = PBXGroup;
			children = (
				15C680E82A8F11FB00492B3F /* main.swift */,
			);
			path = "4-Strings and Characters";
			sourceTree = "<group>";
		};
		15CA69202A8E0EA100976D13 /* 2-TheBasics */ = {
			isa = PBXGroup;
			children = (
				15CA69212A8E0EA100976D13 /* main.swift */,
			);
			path = "2-TheBasics";
			sourceTree = "<group>";
		};
/* End PBXGroup section */

/* Begin PBXNativeTarget section */
		1533A0B72A8DECDB000316CC /* SwiftDocumentation */ = {
			isa = PBXNativeTarget;
			buildConfigurationList = 1533A0BF2A8DECDB000316CC /* Build configuration list for PBXNativeTarget "SwiftDocumentation" */;
			buildPhases = (
				1533A0B42A8DECDB000316CC /* Sources */,
				1533A0B52A8DECDB000316CC /* Frameworks */,
				1533A0B62A8DECDB000316CC /* CopyFiles */,
			);
			buildRules = (
			);
			dependencies = (
			);
			name = SwiftDocumentation;
			productName = SwiftDocumentation;
			productReference = 1533A0B82A8DECDB000316CC /* SwiftDocumentation */;
			productType = "com.apple.product-type.tool";
		};
		15C680DA2A8F033800492B3F /* BasicOperators */ = {
			isa = PBXNativeTarget;
			buildConfigurationList = 15C680E12A8F033800492B3F /* Build configuration list for PBXNativeTarget "BasicOperators" */;
			buildPhases = (
				15C680D72A8F033800492B3F /* Sources */,
				15C680D82A8F033800492B3F /* Frameworks */,
				15C680D92A8F033800492B3F /* CopyFiles */,
			);
			buildRules = (
			);
			dependencies = (
			);
			name = BasicOperators;
			productName = BasicOperators;
			productReference = 15C680DB2A8F033800492B3F /* BasicOperators */;
			productType = "com.apple.product-type.tool";
		};
		15C680E52A8F11FB00492B3F /* Strings and Characters */ = {
			isa = PBXNativeTarget;
			buildConfigurationList = 15C680EA2A8F11FB00492B3F /* Build configuration list for PBXNativeTarget "Strings and Characters" */;
			buildPhases = (
				15C680E22A8F11FB00492B3F /* Sources */,
				15C680E32A8F11FB00492B3F /* Frameworks */,
				15C680E42A8F11FB00492B3F /* CopyFiles */,
			);
			buildRules = (
			);
			dependencies = (
			);
			name = "Strings and Characters";
			productName = "Strings and Characters";
			productReference = 15C680E62A8F11FB00492B3F /* Strings and Characters */;
			productType = "com.apple.product-type.tool";
		};
		15CA691E2A8E0EA100976D13 /* TheBasics */ = {
			isa = PBXNativeTarget;
			buildConfigurationList = 15CA69232A8E0EA100976D13 /* Build configuration list for PBXNativeTarget "TheBasics" */;
			buildPhases = (
				15CA691B2A8E0EA100976D13 /* Sources */,
				15CA691C2A8E0EA100976D13 /* Frameworks */,
				15CA691D2A8E0EA100976D13 /* CopyFiles */,
			);
			buildRules = (
			);
			dependencies = (
			);
			name = TheBasics;
			productName = TheBasics;
			productReference = 15CA691F2A8E0EA100976D13 /* TheBasics */;
			productType = "com.apple.product-type.tool";
		};
/* End PBXNativeTarget section */

/* Begin PBXProject section */
		1533A0B02A8DECDB000316CC /* Project object */ = {
			isa = PBXProject;
			attributes = {
				BuildIndependentTargetsInParallel = 1;
				LastSwiftUpdateCheck = 1430;
				LastUpgradeCheck = 1430;
				TargetAttributes = {
					1533A0B72A8DECDB000316CC = {
						CreatedOnToolsVersion = 14.3.1;
					};
					15C680DA2A8F033800492B3F = {
						CreatedOnToolsVersion = 14.3.1;
					};
					15C680E52A8F11FB00492B3F = {
						CreatedOnToolsVersion = 14.3.1;
					};
					15CA691E2A8E0EA100976D13 = {
						CreatedOnToolsVersion = 14.3.1;
					};
				};
			};
			buildConfigurationList = 1533A0B32A8DECDB000316CC /* Build configuration list for PBXProject "SwiftDocumentation" */;
			compatibilityVersion = "Xcode 14.0";
			developmentRegion = en;
			hasScannedForEncodings = 0;
			knownRegions = (
				en,
				Base,
			);
			mainGroup = 1533A0AF2A8DECDB000316CC;
			productRefGroup = 1533A0B92A8DECDB000316CC /* Products */;
			projectDirPath = "";
			projectRoot = "";
			targets = (
				1533A0B72A8DECDB000316CC /* SwiftDocumentation */,
				15CA691E2A8E0EA100976D13 /* TheBasics */,
				15C680DA2A8F033800492B3F /* BasicOperators */,
				15C680E52A8F11FB00492B3F /* Strings and Characters */,
			);
		};
/* End PBXProject section */

/* Begin PBXSourcesBuildPhase section */
		1533A0B42A8DECDB000316CC /* Sources */ = {
			isa = PBXSourcesBuildPhase;
			buildActionMask = 2147483647;
			files = (
				1533A0BC2A8DECDB000316CC /* main.swift in Sources */,
			);
			runOnlyForDeploymentPostprocessing = 0;
		};
		15C680D72A8F033800492B3F /* Sources */ = {
			isa = PBXSourcesBuildPhase;
			buildActionMask = 2147483647;
			files = (
				15C680DE2A8F033800492B3F /* main.swift in Sources */,
			);
			runOnlyForDeploymentPostprocessing = 0;
		};
		15C680E22A8F11FB00492B3F /* Sources */ = {
			isa = PBXSourcesBuildPhase;
			buildActionMask = 2147483647;
			files = (
				15C680E92A8F11FB00492B3F /* main.swift in Sources */,
			);
			runOnlyForDeploymentPostprocessing = 0;
		};
		15CA691B2A8E0EA100976D13 /* Sources */ = {
			isa = PBXSourcesBuildPhase;
			buildActionMask = 2147483647;
			files = (
				15CA69222A8E0EA100976D13 /* main.swift in Sources */,
			);
			runOnlyForDeploymentPostprocessing = 0;
		};
/* End PBXSourcesBuildPhase section */

/* Begin XCBuildConfiguration section */
		1533A0BD2A8DECDB000316CC /* Debug */ = {
			isa = XCBuildConfiguration;
			buildSettings = {
				ALWAYS_SEARCH_USER_PATHS = NO;
				CLANG_ANALYZER_NONNULL = YES;
				CLANG_ANALYZER_NUMBER_OBJECT_CONVERSION = YES_AGGRESSIVE;
				CLANG_CXX_LANGUAGE_STANDARD = "gnu++20";
				CLANG_ENABLE_MODULES = YES;
				CLANG_ENABLE_OBJC_ARC = YES;
				CLANG_ENABLE_OBJC_WEAK = YES;
				CLANG_WARN_BLOCK_CAPTURE_AUTORELEASING = YES;
				CLANG_WARN_BOOL_CONVERSION = YES;
				CLANG_WARN_COMMA = YES;
				CLANG_WARN_CONSTANT_CONVERSION = YES;
				CLANG_WARN_DEPRECATED_OBJC_IMPLEMENTATIONS = YES;
				CLANG_WARN_DIRECT_OBJC_ISA_USAGE = YES_ERROR;
				CLANG_WARN_DOCUMENTATION_COMMENTS = YES;
				CLANG_WARN_EMPTY_BODY = YES;
				CLANG_WARN_ENUM_CONVERSION = YES;
				CLANG_WARN_INFINITE_RECURSION = YES;
				CLANG_WARN_INT_CONVERSION = YES;
				CLANG_WARN_NON_LITERAL_NULL_CONVERSION = YES;
				CLANG_WARN_OBJC_IMPLICIT_RETAIN_SELF = YES;
				CLANG_WARN_OBJC_LITERAL_CONVERSION = YES;
				CLANG_WARN_OBJC_ROOT_CLASS = YES_ERROR;
				CLANG_WARN_QUOTED_INCLUDE_IN_FRAMEWORK_HEADER = YES;
				CLANG_WARN_RANGE_LOOP_ANALYSIS = YES;
				CLANG_WARN_STRICT_PROTOTYPES = YES;
				CLANG_WARN_SUSPICIOUS_MOVE = YES;
				CLANG_WARN_UNGUARDED_AVAILABILITY = YES_AGGRESSIVE;
				CLANG_WARN_UNREACHABLE_CODE = YES;
				CLANG_WARN__DUPLICATE_METHOD_MATCH = YES;
				COPY_PHASE_STRIP = NO;
				DEBUG_INFORMATION_FORMAT = dwarf;
				ENABLE_STRICT_OBJC_MSGSEND = YES;
				ENABLE_TESTABILITY = YES;
				GCC_C_LANGUAGE_STANDARD = gnu11;
				GCC_DYNAMIC_NO_PIC = NO;
				GCC_NO_COMMON_BLOCKS = YES;
				GCC_OPTIMIZATION_LEVEL = 0;
				GCC_PREPROCESSOR_DEFINITIONS = (
					"DEBUG=1",
					"$(inherited)",
				);
				GCC_WARN_64_TO_32_BIT_CONVERSION = YES;
				GCC_WARN_ABOUT_RETURN_TYPE = YES_ERROR;
				GCC_WARN_UNDECLARED_SELECTOR = YES;
				GCC_WARN_UNINITIALIZED_AUTOS = YES_AGGRESSIVE;
				GCC_WARN_UNUSED_FUNCTION = YES;
				GCC_WARN_UNUSED_VARIABLE = YES;
				MACOSX_DEPLOYMENT_TARGET = 13.3;
				MTL_ENABLE_DEBUG_INFO = INCLUDE_SOURCE;
				MTL_FAST_MATH = YES;
				ONLY_ACTIVE_ARCH = YES;
				SDKROOT = macosx;
				SWIFT_ACTIVE_COMPILATION_CONDITIONS = DEBUG;
				SWIFT_OPTIMIZATION_LEVEL = "-Onone";
			};
			name = Debug;
		};
		1533A0BE2A8DECDB000316CC /* Release */ = {
			isa = XCBuildConfiguration;
			buildSettings = {
				ALWAYS_SEARCH_USER_PATHS = NO;
				CLANG_ANALYZER_NONNULL = YES;
				CLANG_ANALYZER_NUMBER_OBJECT_CONVERSION = YES_AGGRESSIVE;
				CLANG_CXX_LANGUAGE_STANDARD = "gnu++20";
				CLANG_ENABLE_MODULES = YES;
				CLANG_ENABLE_OBJC_ARC = YES;
				CLANG_ENABLE_OBJC_WEAK = YES;
				CLANG_WARN_BLOCK_CAPTURE_AUTORELEASING = YES;
				CLANG_WARN_BOOL_CONVERSION = YES;
				CLANG_WARN_COMMA = YES;
				CLANG_WARN_CONSTANT_CONVERSION = YES;
				CLANG_WARN_DEPRECATED_OBJC_IMPLEMENTATIONS = YES;
				CLANG_WARN_DIRECT_OBJC_ISA_USAGE = YES_ERROR;
				CLANG_WARN_DOCUMENTATION_COMMENTS = YES;
				CLANG_WARN_EMPTY_BODY = YES;
				CLANG_WARN_ENUM_CONVERSION = YES;
				CLANG_WARN_INFINITE_RECURSION = YES;
				CLANG_WARN_INT_CONVERSION = YES;
				CLANG_WARN_NON_LITERAL_NULL_CONVERSION = YES;
				CLANG_WARN_OBJC_IMPLICIT_RETAIN_SELF = YES;
				CLANG_WARN_OBJC_LITERAL_CONVERSION = YES;
				CLANG_WARN_OBJC_ROOT_CLASS = YES_ERROR;
				CLANG_WARN_QUOTED_INCLUDE_IN_FRAMEWORK_HEADER = YES;
				CLANG_WARN_RANGE_LOOP_ANALYSIS = YES;
				CLANG_WARN_STRICT_PROTOTYPES = YES;
				CLANG_WARN_SUSPICIOUS_MOVE = YES;
				CLANG_WARN_UNGUARDED_AVAILABILITY = YES_AGGRESSIVE;
				CLANG_WARN_UNREACHABLE_CODE = YES;
				CLANG_WARN__DUPLICATE_METHOD_MATCH = YES;
				COPY_PHASE_STRIP = NO;
				DEBUG_INFORMATION_FORMAT = "dwarf-with-dsym";
				ENABLE_NS_ASSERTIONS = NO;
				ENABLE_STRICT_OBJC_MSGSEND = YES;
				GCC_C_LANGUAGE_STANDARD = gnu11;
				GCC_NO_COMMON_BLOCKS = YES;
				GCC_WARN_64_TO_32_BIT_CONVERSION = YES;
				GCC_WARN_ABOUT_RETURN_TYPE = YES_ERROR;
				GCC_WARN_UNDECLARED_SELECTOR = YES;
				GCC_WARN_UNINITIALIZED_AUTOS = YES_AGGRESSIVE;
				GCC_WARN_UNUSED_FUNCTION = YES;
				GCC_WARN_UNUSED_VARIABLE = YES;
				MACOSX_DEPLOYMENT_TARGET = 13.3;
				MTL_ENABLE_DEBUG_INFO = NO;
				MTL_FAST_MATH = YES;
				SDKROOT = macosx;
				SWIFT_COMPILATION_MODE = wholemodule;
				SWIFT_OPTIMIZATION_LEVEL = "-O";
			};
			name = Release;
		};
		1533A0C02A8DECDB000316CC /* Debug */ = {
			isa = XCBuildConfiguration;
			buildSettings = {
				CODE_SIGN_STYLE = Automatic;
				DEVELOPMENT_TEAM = 5KXF46DKDC;
				ENABLE_HARDENED_RUNTIME = YES;
				PRODUCT_NAME = "$(TARGET_NAME)";
				SWIFT_VERSION = 5.0;
			};
			name = Debug;
		};
		1533A0C12A8DECDB000316CC /* Release */ = {
			isa = XCBuildConfiguration;
			buildSettings = {
				CODE_SIGN_STYLE = Automatic;
				DEVELOPMENT_TEAM = 5KXF46DKDC;
				ENABLE_HARDENED_RUNTIME = YES;
				PRODUCT_NAME = "$(TARGET_NAME)";
				SWIFT_VERSION = 5.0;
			};
			name = Release;
		};
		15C680DF2A8F033800492B3F /* Debug */ = {
			isa = XCBuildConfiguration;
			buildSettings = {
				CODE_SIGN_STYLE = Automatic;
				DEVELOPMENT_TEAM = 5KXF46DKDC;
				ENABLE_HARDENED_RUNTIME = YES;
				PRODUCT_NAME = "$(TARGET_NAME)";
				SWIFT_VERSION = 5.0;
			};
			name = Debug;
		};
		15C680E02A8F033800492B3F /* Release */ = {
			isa = XCBuildConfiguration;
			buildSettings = {
				CODE_SIGN_STYLE = Automatic;
				DEVELOPMENT_TEAM = 5KXF46DKDC;
				ENABLE_HARDENED_RUNTIME = YES;
				PRODUCT_NAME = "$(TARGET_NAME)";
				SWIFT_VERSION = 5.0;
			};
			name = Release;
		};
		15C680EB2A8F11FB00492B3F /* Debug */ = {
			isa = XCBuildConfiguration;
			buildSettings = {
				CODE_SIGN_STYLE = Automatic;
				DEVELOPMENT_TEAM = 5KXF46DKDC;
				ENABLE_HARDENED_RUNTIME = YES;
				PRODUCT_NAME = "$(TARGET_NAME)";
				SWIFT_VERSION = 5.0;
			};
			name = Debug;
		};
		15C680EC2A8F11FB00492B3F /* Release */ = {
			isa = XCBuildConfiguration;
			buildSettings = {
				CODE_SIGN_STYLE = Automatic;
				DEVELOPMENT_TEAM = 5KXF46DKDC;
				ENABLE_HARDENED_RUNTIME = YES;
				PRODUCT_NAME = "$(TARGET_NAME)";
				SWIFT_VERSION = 5.0;
			};
			name = Release;
		};
		15CA69242A8E0EA100976D13 /* Debug */ = {
			isa = XCBuildConfiguration;
			buildSettings = {
				CODE_SIGN_STYLE = Automatic;
				DEVELOPMENT_TEAM = 5KXF46DKDC;
				ENABLE_HARDENED_RUNTIME = YES;
				PRODUCT_NAME = "$(TARGET_NAME)";
				SWIFT_VERSION = 5.0;
			};
			name = Debug;
		};
		15CA69252A8E0EA100976D13 /* Release */ = {
			isa = XCBuildConfiguration;
			buildSettings = {
				CODE_SIGN_STYLE = Automatic;
				DEVELOPMENT_TEAM = 5KXF46DKDC;
				ENABLE_HARDENED_RUNTIME = YES;
				PRODUCT_NAME = "$(TARGET_NAME)";
				SWIFT_VERSION = 5.0;
			};
			name = Release;
		};
/* End XCBuildConfiguration section */

/* Begin XCConfigurationList section */
		1533A0B32A8DECDB000316CC /* Build configuration list for PBXProject "SwiftDocumentation" */ = {
			isa = XCConfigurationList;
			buildConfigurations = (
				1533A0BD2A8DECDB000316CC /* Debug */,
				1533A0BE2A8DECDB000316CC /* Release */,
			);
			defaultConfigurationIsVisible = 0;
			defaultConfigurationName = Release;
		};
		1533A0BF2A8DECDB000316CC /* Build configuration list for PBXNativeTarget "SwiftDocumentation" */ = {
			isa = XCConfigurationList;
			buildConfigurations = (
				1533A0C02A8DECDB000316CC /* Debug */,
				1533A0C12A8DECDB000316CC /* Release */,
			);
			defaultConfigurationIsVisible = 0;
			defaultConfigurationName = Release;
		};
		15C680E12A8F033800492B3F /* Build configuration list for PBXNativeTarget "BasicOperators" */ = {
			isa = XCConfigurationList;
			buildConfigurations = (
				15C680DF2A8F033800492B3F /* Debug */,
				15C680E02A8F033800492B3F /* Release */,
			);
			defaultConfigurationIsVisible = 0;
			defaultConfigurationName = Release;
		};
		15C680EA2A8F11FB00492B3F /* Build configuration list for PBXNativeTarget "Strings and Characters" */ = {
			isa = XCConfigurationList;
			buildConfigurations = (
				15C680EB2A8F11FB00492B3F /* Debug */,
				15C680EC2A8F11FB00492B3F /* Release */,
			);
			defaultConfigurationIsVisible = 0;
			defaultConfigurationName = Release;
		};
		15CA69232A8E0EA100976D13 /* Build configuration list for PBXNativeTarget "TheBasics" */ = {
			isa = XCConfigurationList;
			buildConfigurations = (
				15CA69242A8E0EA100976D13 /* Debug */,
				15CA69252A8E0EA100976D13 /* Release */,
			);
			defaultConfigurationIsVisible = 0;
			defaultConfigurationName = Release;
		};
/* End XCConfigurationList section */
	};
	rootObject = 1533A0B02A8DECDB000316CC /* Project object */;
}
